
Microsoft Visual Studio Solution File, Format Version 12.00
# Visual Studio Version 16
VisualStudioVersion = 16.0.31205.134
MinimumVisualStudioVersion = 10.0.40219.1
Project("{FAE04EC0-301F-11D3-BF4B-00C04F79EFBC}") = "fukuv0602", "fukuv0602\fukuv0602.csproj", "{C018BE5C-0D1C-4777-B2F7-7B05E238FE25}"
EndProject
Global
	GlobalSection(SolutionConfigurationPlatforms) = preSolution
		Debug|Any CPU = Debug|Any CPU
		Release|Any CPU = Release|Any CPU
	EndGlobalSection
	GlobalSection(ProjectConfigurationPlatforms) = postSolution
		{C018BE5C-0D1C-4777-B2F7-7B05E238FE25}.Debug|Any CPU.ActiveCfg = Debug|Any CPU
		{C018BE5C-0D1C-4777-B2F7-7B05E238FE25}.Debug|Any CPU.Build.0 = Debug|Any CPU
		{C018BE5C-0D1C-4777-B2F7-7B05E238FE25}.Release|Any CPU.ActiveCfg = Release|Any CPU
		{C018BE5C-0D1C-4777-B2F7-7B05E238FE25}.Release|Any CPU.Build.0 = Release|Any CPU
	EndGlobalSection
	GlobalSection(SolutionProperties) = preSolution
		HideSolutionNode = FALSE
	EndGlobalSection
	GlobalSection(ExtensibilityGlobals) = postSolution
		SolutionGuid = {88B13E64-18D2-43A3-8107-7DE39FEF20D8}
	EndGlobalSection
EndGlobal
